
Microsoft Visual Studio Solution File, Format Version 12.00
# Visual Studio Version 17
VisualStudioVersion = 17.7.34221.43
MinimumVisualStudioVersion = 10.0.40219.1
Project("{9A19103F-16F7-4668-BE54-9A1E7A4F7556}") = "ToDoBackend.Api", "ToDoBackendApi\ToDoBackend.Api.csproj", "{70309B53-B2A7-42F5-9370-145C96410A64}"
EndProject
Global
	GlobalSection(SolutionConfigurationPlatforms) = preSolution
		Debug|Any CPU = Debug|Any CPU
		Release|Any CPU = Release|Any CPU
	EndGlobalSection
	GlobalSection(ProjectConfigurationPlatforms) = postSolution
		{70309B53-B2A7-42F5-9370-145C96410A64}.Debug|Any CPU.ActiveCfg = Debug|Any CPU
		{70309B53-B2A7-42F5-9370-145C96410A64}.Debug|Any CPU.Build.0 = Debug|Any CPU
		{70309B53-B2A7-42F5-9370-145C96410A64}.Release|Any CPU.ActiveCfg = Release|Any CPU
		{70309B53-B2A7-42F5-9370-145C96410A64}.Release|Any CPU.Build.0 = Release|Any CPU
	EndGlobalSection
	GlobalSection(SolutionProperties) = preSolution
		HideSolutionNode = FALSE
	EndGlobalSection
	GlobalSection(ExtensibilityGlobals) = postSolution
		SolutionGuid = {974437EC-4957-4D4A-AA86-6D4C696D6C14}
	EndGlobalSection
EndGlobal
